{
  "name": "imlformat-wasm",
  "version": "0.1.0",
  "lockfileVersion": 3,
  "requires": true,
  "packages": {
    "": {
      "name": "imlformat-wasm",
      "version": "0.1.0",
      "license": "MIT",
      "dependencies": {
        "web-tree-sitter": "0.21.0"
      }
    },
    "node_modules/web-tree-sitter": {
      "version": "0.21.0",
      "resolved": "https://registry.npmjs.org/web-tree-sitter/-/web-tree-sitter-0.21.0.tgz",
      "integrity": "sha512-iJ+QJ6ikN9D9cG7Kh6q3KtAstYFUQbYZ8OjuPEJYWfj2kLrmp5I3C2n6WjE1Y3jvj7nJbkcrJytJGWUEhCxn+g==",
      "license": "MIT"
    }
  }
}
